// !$*UTF8*$!
{
	archiveVersion = 1;
	classes = {
	};
	objectVersion = 46;
	objects = {

/* Begin PBXBuildFile section */
		7F26543619F75E6D004828E8 /* AppDelegate.swift in Sources */ = {isa = PBXBuildFile; fileRef = 7F26543519F75E6D004828E8 /* AppDelegate.swift */; };
		7F26543819F75E6D004828E8 /* Images.xcassets in Resources */ = {isa = PBXBuildFile; fileRef = 7F26543719F75E6D004828E8 /* Images.xcassets */; };
		7F26543B19F75E6D004828E8 /* MainMenu.xib in Resources */ = {isa = PBXBuildFile; fileRef = 7F26543919F75E6D004828E8 /* MainMenu.xib */; };
		7F26545119F75EBE004828E8 /* GitHub.swift in Sources */ = {isa = PBXBuildFile; fileRef = 7F26545019F75EBE004828E8 /* GitHub.swift */; };
		7F26545319F767F1004828E8 /* Notification.swift in Sources */ = {isa = PBXBuildFile; fileRef = 7F26545219F767F1004828E8 /* Notification.swift */; };
		7F2E4EA719F7A4AB00F5CBF8 /* SettingsWindowController.swift in Sources */ = {isa = PBXBuildFile; fileRef = 7F2E4EA519F7A4AB00F5CBF8 /* SettingsWindowController.swift */; };
		7F2E4EA819F7A4AB00F5CBF8 /* SettingsWindowController.xib in Resources */ = {isa = PBXBuildFile; fileRef = 7F2E4EA619F7A4AB00F5CBF8 /* SettingsWindowController.xib */; };
/* End PBXBuildFile section */

/* Begin PBXFileReference section */
		7F26543019F75E6D004828E8 /* GHP.app */ = {isa = PBXFileReference; explicitFileType = wrapper.application; includeInIndex = 0; path = GHP.app; sourceTree = BUILT_PRODUCTS_DIR; };
		7F26543419F75E6D004828E8 /* Info.plist */ = {isa = PBXFileReference; lastKnownFileType = text.plist.xml; path = Info.plist; sourceTree = "<group>"; };
		7F26543519F75E6D004828E8 /* AppDelegate.swift */ = {isa = PBXFileReference; lastKnownFileType = sourcecode.swift; path = AppDelegate.swift; sourceTree = "<group>"; };
		7F26543719F75E6D004828E8 /* Images.xcassets */ = {isa = PBXFileReference; lastKnownFileType = folder.assetcatalog; path = Images.xcassets; sourceTree = "<group>"; };
		7F26543A19F75E6D004828E8 /* Base */ = {isa = PBXFileReference; lastKnownFileType = file.xib; name = Base; path = Base.lproj/MainMenu.xib; sourceTree = "<group>"; };
		7F26545019F75EBE004828E8 /* GitHub.swift */ = {isa = PBXFileReference; fileEncoding = 4; lastKnownFileType = sourcecode.swift; path = GitHub.swift; sourceTree = "<group>"; };
		7F26545219F767F1004828E8 /* Notification.swift */ = {isa = PBXFileReference; fileEncoding = 4; lastKnownFileType = sourcecode.swift; path = Notification.swift; sourceTree = "<group>"; };
		7F2E4EA519F7A4AB00F5CBF8 /* SettingsWindowController.swift */ = {isa = PBXFileReference; fileEncoding = 4; lastKnownFileType = sourcecode.swift; path = SettingsWindowController.swift; sourceTree = "<group>"; };
		7F2E4EA619F7A4AB00F5CBF8 /* SettingsWindowController.xib */ = {isa = PBXFileReference; fileEncoding = 4; lastKnownFileType = file.xib; path = SettingsWindowController.xib; sourceTree = "<group>"; };
/* End PBXFileReference section */

/* Begin PBXFrameworksBuildPhase section */
		7F26542D19F75E6D004828E8 /* Frameworks */ = {
			isa = PBXFrameworksBuildPhase;
			buildActionMask = 2147483647;
			files = (
			);
			runOnlyForDeploymentPostprocessing = 0;
		};
/* End PBXFrameworksBuildPhase section */

/* Begin PBXGroup section */
		7F26542719F75E6D004828E8 = {
			isa = PBXGroup;
			children = (
				7F26543219F75E6D004828E8 /* GHP */,
				7F26543119F75E6D004828E8 /* Products */,
			);
			sourceTree = "<group>";
		};
		7F26543119F75E6D004828E8 /* Products */ = {
			isa = PBXGroup;
			children = (
				7F26543019F75E6D004828E8 /* GHP.app */,
			);
			name = Products;
			sourceTree = "<group>";
		};
		7F26543219F75E6D004828E8 /* GHP */ = {
			isa = PBXGroup;
			children = (
				7F26543519F75E6D004828E8 /* AppDelegate.swift */,
				7F26545019F75EBE004828E8 /* GitHub.swift */,
				7F26545219F767F1004828E8 /* Notification.swift */,
				7F2E4EA519F7A4AB00F5CBF8 /* SettingsWindowController.swift */,
				7F2E4EA619F7A4AB00F5CBF8 /* SettingsWindowController.xib */,
				7F26543919F75E6D004828E8 /* MainMenu.xib */,
				7F26543719F75E6D004828E8 /* Images.xcassets */,
				7F26543319F75E6D004828E8 /* Supporting Files */,
			);
			path = GHP;
			sourceTree = "<group>";
		};
		7F26543319F75E6D004828E8 /* Supporting Files */ = {
			isa = PBXGroup;
			children = (
				7F26543419F75E6D004828E8 /* Info.plist */,
			);
			name = "Supporting Files";
			sourceTree = "<group>";
		};
/* End PBXGroup section */

/* Begin PBXNativeTarget section */
		7F26542F19F75E6D004828E8 /* GHP */ = {
			isa = PBXNativeTarget;
			buildConfigurationList = 7F26544A19F75E6D004828E8 /* Build configuration list for PBXNativeTarget "GHP" */;
			buildPhases = (
				7F26542C19F75E6D004828E8 /* Sources */,
				7F26542D19F75E6D004828E8 /* Frameworks */,
				7F26542E19F75E6D004828E8 /* Resources */,
			);
			buildRules = (
			);
			dependencies = (
			);
			name = GHP;
			productName = GHP;
			productReference = 7F26543019F75E6D004828E8 /* GHP.app */;
			productType = "com.apple.product-type.application";
		};
/* End PBXNativeTarget section */

/* Begin PBXProject section */
		7F26542819F75E6D004828E8 /* Project object */ = {
			isa = PBXProject;
			attributes = {
				LastUpgradeCheck = 0610;
				ORGANIZATIONNAME = "Yosuke Ishikawa";
				TargetAttributes = {
					7F26542F19F75E6D004828E8 = {
						CreatedOnToolsVersion = 6.1;
					};
				};
			};
			buildConfigurationList = 7F26542B19F75E6D004828E8 /* Build configuration list for PBXProject "GHP" */;
			compatibilityVersion = "Xcode 3.2";
			developmentRegion = English;
			hasScannedForEncodings = 0;
			knownRegions = (
				en,
				Base,
			);
			mainGroup = 7F26542719F75E6D004828E8;
			productRefGroup = 7F26543119F75E6D004828E8 /* Products */;
			projectDirPath = "";
			projectRoot = "";
			targets = (
				7F26542F19F75E6D004828E8 /* GHP */,
			);
		};
/* End PBXProject section */

/* Begin PBXResourcesBuildPhase section */
		7F26542E19F75E6D004828E8 /* Resources */ = {
			isa = PBXResourcesBuildPhase;
			buildActionMask = 2147483647;
			files = (
				7F26543819F75E6D004828E8 /* Images.xcassets in Resources */,
				7F2E4EA819F7A4AB00F5CBF8 /* SettingsWindowController.xib in Resources */,
				7F26543B19F75E6D004828E8 /* MainMenu.xib in Resources */,
			);
			runOnlyForDeploymentPostprocessing = 0;
		};
/* End PBXResourcesBuildPhase section */

/* Begin PBXSourcesBuildPhase section */
		7F26542C19F75E6D004828E8 /* Sources */ = {
			isa = PBXSourcesBuildPhase;
			buildActionMask = 2147483647;
			files = (
				7F26545119F75EBE004828E8 /* GitHub.swift in Sources */,
				7F26543619F75E6D004828E8 /* AppDelegate.swift in Sources */,
				7F2E4EA719F7A4AB00F5CBF8 /* SettingsWindowController.swift in Sources */,
				7F26545319F767F1004828E8 /* Notification.swift in Sources */,
			);
			runOnlyForDeploymentPostprocessing = 0;
		};
/* End PBXSourcesBuildPhase section */

/* Begin PBXVariantGroup section */
		7F26543919F75E6D004828E8 /* MainMenu.xib */ = {
			isa = PBXVariantGroup;
			children = (
				7F26543A19F75E6D004828E8 /* Base */,
			);
			name = MainMenu.xib;
			sourceTree = "<group>";
		};
/* End PBXVariantGroup section */

/* Begin XCBuildConfiguration section */
		7F26544819F75E6D004828E8 /* Debug */ = {
			isa = XCBuildConfiguration;
			buildSettings = {
				ALWAYS_SEARCH_USER_PATHS = NO;
				CLANG_CXX_LANGUAGE_STANDARD = "gnu++0x";
				CLANG_CXX_LIBRARY = "libc++";
				CLANG_ENABLE_MODULES = YES;
				CLANG_ENABLE_OBJC_ARC = YES;
				CLANG_WARN_BOOL_CONVERSION = YES;
				CLANG_WARN_CONSTANT_CONVERSION = YES;
				CLANG_WARN_DIRECT_OBJC_ISA_USAGE = YES_ERROR;
				CLANG_WARN_EMPTY_BODY = YES;
				CLANG_WARN_ENUM_CONVERSION = YES;
				CLANG_WARN_INT_CONVERSION = YES;
				CLANG_WARN_OBJC_ROOT_CLASS = YES_ERROR;
				CLANG_WARN_UNREACHABLE_CODE = YES;
				CLANG_WARN__DUPLICATE_METHOD_MATCH = YES;
				CODE_SIGN_IDENTITY = "-";
				COPY_PHASE_STRIP = NO;
				ENABLE_STRICT_OBJC_MSGSEND = YES;
				GCC_C_LANGUAGE_STANDARD = gnu99;
				GCC_DYNAMIC_NO_PIC = NO;
				GCC_OPTIMIZATION_LEVEL = 0;
				GCC_PREPROCESSOR_DEFINITIONS = (
					"DEBUG=1",
					"$(inherited)",
				);
				GCC_SYMBOLS_PRIVATE_EXTERN = NO;
				GCC_WARN_64_TO_32_BIT_CONVERSION = YES;
				GCC_WARN_ABOUT_RETURN_TYPE = YES_ERROR;
				GCC_WARN_UNDECLARED_SELECTOR = YES;
				GCC_WARN_UNINITIALIZED_AUTOS = YES_AGGRESSIVE;
				GCC_WARN_UNUSED_FUNCTION = YES;
				GCC_WARN_UNUSED_VARIABLE = YES;
				MACOSX_DEPLOYMENT_TARGET = 10.9;
				MTL_ENABLE_DEBUG_INFO = YES;
				ONLY_ACTIVE_ARCH = YES;
				SDKROOT = macosx;
				SWIFT_OPTIMIZATION_LEVEL = "-Onone";
			};
			name = Debug;
		};
		7F26544919F75E6D004828E8 /* Release */ = {
			isa = XCBuildConfiguration;
			buildSettings = {
				ALWAYS_SEARCH_USER_PATHS = NO;
				CLANG_CXX_LANGUAGE_STANDARD = "gnu++0x";
				CLANG_CXX_LIBRARY = "libc++";
				CLANG_ENABLE_MODULES = YES;
				CLANG_ENABLE_OBJC_ARC = YES;
				CLANG_WARN_BOOL_CONVERSION = YES;
				CLANG_WARN_CONSTANT_CONVERSION = YES;
				CLANG_WARN_DIRECT_OBJC_ISA_USAGE = YES_ERROR;
				CLANG_WARN_EMPTY_BODY = YES;
				CLANG_WARN_ENUM_CONVERSION = YES;
				CLANG_WARN_INT_CONVERSION = YES;
				CLANG_WARN_OBJC_ROOT_CLASS = YES_ERROR;
				CLANG_WARN_UNREACHABLE_CODE = YES;
				CLANG_WARN__DUPLICATE_METHOD_MATCH = YES;
				CODE_SIGN_IDENTITY = "-";
				COPY_PHASE_STRIP = YES;
				DEBUG_INFORMATION_FORMAT = "dwarf-with-dsym";
				ENABLE_NS_ASSERTIONS = NO;
				ENABLE_STRICT_OBJC_MSGSEND = YES;
				GCC_C_LANGUAGE_STANDARD = gnu99;
				GCC_WARN_64_TO_32_BIT_CONVERSION = YES;
				GCC_WARN_ABOUT_RETURN_TYPE = YES_ERROR;
				GCC_WARN_UNDECLARED_SELECTOR = YES;
				GCC_WARN_UNINITIALIZED_AUTOS = YES_AGGRESSIVE;
				GCC_WARN_UNUSED_FUNCTION = YES;
				GCC_WARN_UNUSED_VARIABLE = YES;
				MACOSX_DEPLOYMENT_TARGET = 10.9;
				MTL_ENABLE_DEBUG_INFO = NO;
				SDKROOT = macosx;
			};
			name = Release;
		};
		7F26544B19F75E6D004828E8 /* Debug */ = {
			isa = XCBuildConfiguration;
			buildSettings = {
				ASSETCATALOG_COMPILER_APPICON_NAME = AppIcon;
				COMBINE_HIDPI_IMAGES = YES;
				INFOPLIST_FILE = GHP/Info.plist;
				LD_RUNPATH_SEARCH_PATHS = "$(inherited) @executable_path/../Frameworks";
				PRODUCT_NAME = "$(TARGET_NAME)";
			};
			name = Debug;
		};
		7F26544C19F75E6D004828E8 /* Release */ = {
			isa = XCBuildConfiguration;
			buildSettings = {
				ASSETCATALOG_COMPILER_APPICON_NAME = AppIcon;
				COMBINE_HIDPI_IMAGES = YES;
				INFOPLIST_FILE = GHP/Info.plist;
				LD_RUNPATH_SEARCH_PATHS = "$(inherited) @executable_path/../Frameworks";
				PRODUCT_NAME = "$(TARGET_NAME)";
			};
			name = Release;
		};
/* End XCBuildConfiguration section */

/* Begin XCConfigurationList section */
		7F26542B19F75E6D004828E8 /* Build configuration list for PBXProject "GHP" */ = {
			isa = XCConfigurationList;
			buildConfigurations = (
				7F26544819F75E6D004828E8 /* Debug */,
				7F26544919F75E6D004828E8 /* Release */,
			);
			defaultConfigurationIsVisible = 0;
			defaultConfigurationName = Release;
		};
		7F26544A19F75E6D004828E8 /* Build configuration list for PBXNativeTarget "GHP" */ = {
			isa = XCConfigurationList;
			buildConfigurations = (
				7F26544B19F75E6D004828E8 /* Debug */,
				7F26544C19F75E6D004828E8 /* Release */,
			);
			defaultConfigurationIsVisible = 0;
			defaultConfigurationName = Release;
		};
/* End XCConfigurationList section */
	};
	rootObject = 7F26542819F75E6D004828E8 /* Project object */;
}
